
Microsoft Visual Studio Solution File, Format Version 12.00
# Visual Studio Version 17
VisualStudioVersion = 17.10.35004.147
MinimumVisualStudioVersion = 10.0.40219.1
Project("{FAE04EC0-301F-11D3-BF4B-00C04F79EFBC}") = "Hotel", "Hotel\Hotel.csproj", "{40E5B1AD-D5B1-4F52-B98D-4A8F0C9FB0DE}"
EndProject
Global
	GlobalSection(SolutionConfigurationPlatforms) = preSolution
		Debug|Any CPU = Debug|Any CPU
		Release|Any CPU = Release|Any CPU
	EndGlobalSection
	GlobalSection(ProjectConfigurationPlatforms) = postSolution
		{40E5B1AD-D5B1-4F52-B98D-4A8F0C9FB0DE}.Debug|Any CPU.ActiveCfg = Debug|Any CPU
		{40E5B1AD-D5B1-4F52-B98D-4A8F0C9FB0DE}.Debug|Any CPU.Build.0 = Debug|Any CPU
		{40E5B1AD-D5B1-4F52-B98D-4A8F0C9FB0DE}.Release|Any CPU.ActiveCfg = Release|Any CPU
		{40E5B1AD-D5B1-4F52-B98D-4A8F0C9FB0DE}.Release|Any CPU.Build.0 = Release|Any CPU
	EndGlobalSection
	GlobalSection(SolutionProperties) = preSolution
		HideSolutionNode = FALSE
	EndGlobalSection
	GlobalSection(ExtensibilityGlobals) = postSolution
		SolutionGuid = {E55086E8-A729-48BB-9195-FA5B6D538BCC}
	EndGlobalSection
EndGlobal
